
Microsoft Visual Studio Solution File, Format Version 12.00
# Visual Studio Version 17
VisualStudioVersion = 17.14.36221.1
MinimumVisualStudioVersion = 10.0.40219.1
Project("{FAE04EC0-301F-11D3-BF4B-00C04F79EFBC}") = "Web", "Web\Web.csproj", "{AE2BDC88-D1CD-68A9-724B-0BB2BF755B0E}"
EndProject
Project("{FAE04EC0-301F-11D3-BF4B-00C04F79EFBC}") = "Data", "Data\Data.csproj", "{1A716B6D-2040-4A4F-A251-AFBE20A566F0}"
EndProject
Project("{FAE04EC0-301F-11D3-BF4B-00C04F79EFBC}") = "Tests", "Tests\Tests.csproj", "{88DE7DFE-1286-471E-AAC3-88513150FC4F}"
EndProject
Global
	GlobalSection(SolutionConfigurationPlatforms) = preSolution
		Debug|Any CPU = Debug|Any CPU
		Release|Any CPU = Release|Any CPU
	EndGlobalSection
	GlobalSection(ProjectConfigurationPlatforms) = postSolution
		{AE2BDC88-D1CD-68A9-724B-0BB2BF755B0E}.Debug|Any CPU.ActiveCfg = Debug|Any CPU
		{AE2BDC88-D1CD-68A9-724B-0BB2BF755B0E}.Debug|Any CPU.Build.0 = Debug|Any CPU
		{AE2BDC88-D1CD-68A9-724B-0BB2BF755B0E}.Release|Any CPU.ActiveCfg = Release|Any CPU
		{AE2BDC88-D1CD-68A9-724B-0BB2BF755B0E}.Release|Any CPU.Build.0 = Release|Any CPU
		{1A716B6D-2040-4A4F-A251-AFBE20A566F0}.Debug|Any CPU.ActiveCfg = Debug|Any CPU
		{1A716B6D-2040-4A4F-A251-AFBE20A566F0}.Debug|Any CPU.Build.0 = Debug|Any CPU
		{1A716B6D-2040-4A4F-A251-AFBE20A566F0}.Release|Any CPU.ActiveCfg = Release|Any CPU
		{1A716B6D-2040-4A4F-A251-AFBE20A566F0}.Release|Any CPU.Build.0 = Release|Any CPU
		{88DE7DFE-1286-471E-AAC3-88513150FC4F}.Debug|Any CPU.ActiveCfg = Debug|Any CPU
		{88DE7DFE-1286-471E-AAC3-88513150FC4F}.Debug|Any CPU.Build.0 = Debug|Any CPU
		{88DE7DFE-1286-471E-AAC3-88513150FC4F}.Release|Any CPU.ActiveCfg = Release|Any CPU
		{88DE7DFE-1286-471E-AAC3-88513150FC4F}.Release|Any CPU.Build.0 = Release|Any CPU
	EndGlobalSection
	GlobalSection(SolutionProperties) = preSolution
		HideSolutionNode = FALSE
	EndGlobalSection
	GlobalSection(ExtensibilityGlobals) = postSolution
		SolutionGuid = {8CFA554C-3185-47E9-A313-77A18CEE1A99}
	EndGlobalSection
EndGlobal
